
Microsoft Visual Studio Solution File, Format Version 12.00
# Visual Studio Version 16
VisualStudioVersion = 16.0.31515.178
MinimumVisualStudioVersion = 10.0.40219.1
Project("{FAE04EC0-301F-11D3-BF4B-00C04F79EFBC}") = "ClassLibrary", "ClassLibrary\ClassLibrary.csproj", "{5FD21C1E-11BD-46D3-9B82-29720CA54B3C}"
EndProject
Project("{FAE04EC0-301F-11D3-BF4B-00C04F79EFBC}") = "MyApp", "MyApp\MyApp.csproj", "{CB5EAF3B-073D-448C-9914-D25D1BA4C1D8}"
EndProject
Global
	GlobalSection(SolutionConfigurationPlatforms) = preSolution
		Debug|Any CPU = Debug|Any CPU
		Release|Any CPU = Release|Any CPU
	EndGlobalSection
	GlobalSection(ProjectConfigurationPlatforms) = postSolution
		{5FD21C1E-11BD-46D3-9B82-29720CA54B3C}.Debug|Any CPU.ActiveCfg = Debug|Any CPU
		{5FD21C1E-11BD-46D3-9B82-29720CA54B3C}.Debug|Any CPU.Build.0 = Debug|Any CPU
		{5FD21C1E-11BD-46D3-9B82-29720CA54B3C}.Release|Any CPU.ActiveCfg = Release|Any CPU
		{5FD21C1E-11BD-46D3-9B82-29720CA54B3C}.Release|Any CPU.Build.0 = Release|Any CPU
		{CB5EAF3B-073D-448C-9914-D25D1BA4C1D8}.Debug|Any CPU.ActiveCfg = Debug|Any CPU
		{CB5EAF3B-073D-448C-9914-D25D1BA4C1D8}.Debug|Any CPU.Build.0 = Debug|Any CPU
		{CB5EAF3B-073D-448C-9914-D25D1BA4C1D8}.Release|Any CPU.ActiveCfg = Release|Any CPU
		{CB5EAF3B-073D-448C-9914-D25D1BA4C1D8}.Release|Any CPU.Build.0 = Release|Any CPU
	EndGlobalSection
	GlobalSection(SolutionProperties) = preSolution
		HideSolutionNode = FALSE
	EndGlobalSection
	GlobalSection(ExtensibilityGlobals) = postSolution
		SolutionGuid = {20EEBECA-096D-4659-9E19-E7B3D876A459}
	EndGlobalSection
EndGlobal
